
Microsoft Visual Studio Solution File, Format Version 12.00
# Visual Studio Version 16
VisualStudioVersion = 16.0.31702.278
MinimumVisualStudioVersion = 10.0.40219.1
Project("{FAE04EC0-301F-11D3-BF4B-00C04F79EFBC}") = "WpfApp6", "WpfApp6\WpfApp6.csproj", "{5CB7FB70-39AE-4D7E-8D8B-BCC21B387AF5}"
EndProject
Global
	GlobalSection(SolutionConfigurationPlatforms) = preSolution
		Debug|Any CPU = Debug|Any CPU
		Release|Any CPU = Release|Any CPU
	EndGlobalSection
	GlobalSection(ProjectConfigurationPlatforms) = postSolution
		{5CB7FB70-39AE-4D7E-8D8B-BCC21B387AF5}.Debug|Any CPU.ActiveCfg = Debug|Any CPU
		{5CB7FB70-39AE-4D7E-8D8B-BCC21B387AF5}.Debug|Any CPU.Build.0 = Debug|Any CPU
		{5CB7FB70-39AE-4D7E-8D8B-BCC21B387AF5}.Release|Any CPU.ActiveCfg = Release|Any CPU
		{5CB7FB70-39AE-4D7E-8D8B-BCC21B387AF5}.Release|Any CPU.Build.0 = Release|Any CPU
	EndGlobalSection
	GlobalSection(SolutionProperties) = preSolution
		HideSolutionNode = FALSE
	EndGlobalSection
	GlobalSection(ExtensibilityGlobals) = postSolution
		SolutionGuid = {30A21338-FDC9-4C54-ACB6-401D8870A61E}
	EndGlobalSection
EndGlobal
